
Microsoft Visual Studio Solution File, Format Version 12.00
# Visual Studio Version 17
VisualStudioVersion = 17.1.32228.430
MinimumVisualStudioVersion = 10.0.40219.1
Project("{FAE04EC0-301F-11D3-BF4B-00C04F79EFBC}") = "Cinema", "Cinema\Cinema.csproj", "{73C7CC1F-D63D-4110-9A3D-9A472D6E6F95}"
EndProject
Global
	GlobalSection(SolutionConfigurationPlatforms) = preSolution
		Debug|Any CPU = Debug|Any CPU
		Release|Any CPU = Release|Any CPU
	EndGlobalSection
	GlobalSection(ProjectConfigurationPlatforms) = postSolution
		{73C7CC1F-D63D-4110-9A3D-9A472D6E6F95}.Debug|Any CPU.ActiveCfg = Debug|Any CPU
		{73C7CC1F-D63D-4110-9A3D-9A472D6E6F95}.Debug|Any CPU.Build.0 = Debug|Any CPU
		{73C7CC1F-D63D-4110-9A3D-9A472D6E6F95}.Release|Any CPU.ActiveCfg = Release|Any CPU
		{73C7CC1F-D63D-4110-9A3D-9A472D6E6F95}.Release|Any CPU.Build.0 = Release|Any CPU
	EndGlobalSection
	GlobalSection(SolutionProperties) = preSolution
		HideSolutionNode = FALSE
	EndGlobalSection
	GlobalSection(ExtensibilityGlobals) = postSolution
		SolutionGuid = {5B8EE0A8-2682-446E-8E00-D0AB6100E0C8}
	EndGlobalSection
EndGlobal
